# This file is automatically @generated by Cargo.
# It is not intended for manual editing.
version = 4

[[package]]
name = "merry-cli"
version = "0.1.0"

[[package]]
name = "merry-core"
version = "0.1.0"

[[package]]
name = "merry-llm"
version = "0.1.0"

[[package]]
name = "merry-provider-openai"
version = "0.1.0"

[[package]]
name = "merry-runtime"
version = "0.1.0"
